# THIS IS AN AUTOGENERATED FILE. DO NOT EDIT THIS FILE DIRECTLY.
# yarn lockfile v1


"@vercel/edge@1.0.1":
  version "1.0.1"
  resolved "https://registry.yarnpkg.com/@vercel/edge/-/edge-1.0.1.tgz#94fc7be3c79834b0833dad9cfa23ed47b55309fa"
  integrity sha512-0lE1J1QsKmet3NUlNjS1+4tw7VpOsd3wxG91A5ZAAcxxDl3RQh/ThnYVV5VYT6FoSK5ZZ3jYh5YZCd0pWPK3yQ==

typescript@5.2.2:
  version "5.2.2"
  resolved "https://registry.yarnpkg.com/typescript/-/typescript-5.2.2.tgz#5ebb5e5a5b75f085f22bc3f8460fba308310fa78"
  integrity sha512-mI4WrpHsbCIcwT9cF4FZvr80QUeKvsUsUvKDoR+X/7XHQH98xYD8YHZg7ANtz2GtZt/CBq2QJ0thkGJMHfqc1w==
